{
  "version": 4,
  "terraform_version": "1.9.2",
  "serial": 8,
  "lineage": "1d11f19b-379b-428a-da07-816972341e79",
  "outputs": {
    "acr_login_server": {
      "value": "alexitodevopsacrcp2.azurecr.io",
      "type": "string"
    },
    "acr_name": {
      "value": "alexitodevopsacrcp2",
      "type": "string"
    },
    "resource_group_location": {
      "value": "westeurope",
      "type": "string"
    },
    "resource_group_name": {
      "value": "alexdevops-resource-group",
      "type": "string"
    },
    "subnet_name": {
      "value": "alexdevops-subnet",
      "type": "string"
    },
    "vm_name": {
      "value": "alexdevops-vm",
      "type": "string"
    },
    "vm_public_ip": {
      "value": "",
      "type": "string"
    },
    "vnet_name": {
      "value": "alexdevops-vnet",
      "type": "string"
    }
  },
  "resources": [
    {
      "mode": "managed",
      "type": "azurerm_container_registry",
      "name": "acr",
      "provider": "provider[\"registry.terraform.io/hashicorp/azurerm\"]",
      "instances": [
        {
          "schema_version": 2,
          "attributes": {
            "admin_enabled": true,
            "admin_password": "7twRrp5O/1bxuidBgiWWAUoFztc3pR/EyqSpKSGpz5+ACRBeL+WS",
            "admin_username": "alexitodevopsacrcp2",
            "anonymous_pull_enabled": false,
            "data_endpoint_enabled": false,
            "encryption": [
              {
                "enabled": false,
                "identity_client_id": "",
                "key_vault_key_id": ""
              }
            ],
            "export_policy_enabled": true,
            "georeplications": [],
            "id": "/subscriptions/4d5711d0-974a-4da5-9919-2bb911243126/resourceGroups/alexdevops-resource-group/providers/Microsoft.ContainerRegistry/registries/alexitodevopsacrcp2",
            "identity": [],
            "location": "westeurope",
            "login_server": "alexitodevopsacrcp2.azurecr.io",
            "name": "alexitodevopsacrcp2",
            "network_rule_bypass_option": "AzureServices",
            "network_rule_set": [],
            "public_network_access_enabled": true,
            "quarantine_policy_enabled": false,
            "resource_group_name": "alexdevops-resource-group",
            "retention_policy": [
              {
                "days": 7,
                "enabled": false
              }
            ],
            "sku": "Basic",
            "tags": null,
            "timeouts": null,
            "trust_policy": [
              {
                "enabled": false
              }
            ],
            "zone_redundancy_enabled": false
          },
          "sensitive_attributes": [
            [
              {
                "type": "get_attr",
                "value": "admin_password"
              }
            ]
          ],
          "private": "eyJlMmJmYjczMC1lY2FhLTExZTYtOGY4OC0zNDM2M2JjN2M0YzAiOnsiY3JlYXRlIjoxODAwMDAwMDAwMDAwLCJkZWxldGUiOjE4MDAwMDAwMDAwMDAsInJlYWQiOjMwMDAwMDAwMDAwMCwidXBkYXRlIjoxODAwMDAwMDAwMDAwfSwic2NoZW1hX3ZlcnNpb24iOiIyIn0=",
          "dependencies": [
            "azurerm_resource_group.rg"
          ]
        }
      ]
    },
    {
      "mode": "managed",
      "type": "azurerm_linux_virtual_machine",
      "name": "vm",
      "provider": "provider[\"registry.terraform.io/hashicorp/azurerm\"]",
      "instances": [
        {
          "schema_version": 0,
          "attributes": {
            "additional_capabilities": [],
            "admin_password": null,
            "admin_ssh_key": [
              {
                "public_key": "ssh-rsa AAAAB3NzaC1yc2EAAAADAQABAAACAQDycCXsaIbswvb3ywu4Ny//wVRHZS1QbGtOdnDDO918SJPt+XsFnrcJP8ohTmEZx6sFoJQ4KAALb2g7RycwDEWlnKz7T7trQjIqUV8kGg2QFdGpItrxA4hBWIAw50aiDASBetnUlSxXTtoLXWah2fjbCakbMODE7oxm0odT19qL214s7wnjf3DCoQ0RPMTb4wQw8Iqj+JcJ/9NuNxb+fZ9F+qPVF/wR00gTa6NXxzThj1IiUU9Q+FKMTggL+x+98+FC/TaICVTSJ9Z9IFr3UZ0Or5XcOA7ZIeumZaCpScVD8g1DtStbhOsGxCoTBdCs8yXcjeqcHzLcVE4ixdbgmuAtBQGpGCJICLFn40ZzdHq3uss/qVTa4j5w54XTea180rw6X0zbPHhYUT/wMQObE78eLaWzGyy1icLvpOABj3Xt22tleYaeSF1JOcIlp+O/5I0sVYiBjoHVtFH8b9Z4iLYzxAa/cV2Yft9lG5m9x7OPqVR6u5EXD+n8apNUnYLaUsyj0avTnkoDPkctNvz4tilL9pyOiFeHnZLbIRBzyVui1JCpohP+D+EJazeaCMsc8L7wu+WUuXx7Vvzvo5ro+rA3FVkFNc8+rXGkNyV2pRsIPNXRZOMfRXtQsmBwlSpCtqcqiB756ZaClAjOUgYvlzjsppf7GryZPt/iS8au0vdlSw== alejandro.aviles916@comunidadunir.net\n",
                "username": "admincp2"
              }
            ],
            "admin_username": "admincp2",
            "allow_extension_operations": true,
            "availability_set_id": "",
            "boot_diagnostics": [],
            "bypass_platform_safety_checks_on_user_schedule_enabled": false,
            "capacity_reservation_group_id": "",
            "computer_name": "alexdevops-vm1",
            "custom_data": null,
            "dedicated_host_group_id": "",
            "dedicated_host_id": "",
            "disable_password_authentication": true,
            "disk_controller_type": "",
            "edge_zone": "",
            "encryption_at_host_enabled": false,
            "eviction_policy": "",
            "extensions_time_budget": "PT1H30M",
            "gallery_application": [],
            "id": "/subscriptions/4d5711d0-974a-4da5-9919-2bb911243126/resourceGroups/alexdevops-resource-group/providers/Microsoft.Compute/virtualMachines/alexdevops-vm",
            "identity": [],
            "license_type": "",
            "location": "westeurope",
            "max_bid_price": -1,
            "name": "alexdevops-vm",
            "network_interface_ids": [
              "/subscriptions/4d5711d0-974a-4da5-9919-2bb911243126/resourceGroups/alexdevops-resource-group/providers/Microsoft.Network/networkInterfaces/alexdevops-nic"
            ],
            "os_disk": [
              {
                "caching": "ReadWrite",
                "diff_disk_settings": [],
                "disk_encryption_set_id": "",
                "disk_size_gb": 30,
                "name": "alexdevops-vm_OsDisk_1_a7b5a9eb53e7484bb232d0c5d099b1e4",
                "secure_vm_disk_encryption_set_id": "",
                "security_encryption_type": "",
                "storage_account_type": "Standard_LRS",
                "write_accelerator_enabled": false
              }
            ],
            "os_image_notification": [],
            "patch_assessment_mode": "ImageDefault",
            "patch_mode": "ImageDefault",
            "plan": [],
            "platform_fault_domain": -1,
            "priority": "Regular",
            "private_ip_address": "10.0.1.4",
            "private_ip_addresses": [
              "10.0.1.4"
            ],
            "provision_vm_agent": true,
            "proximity_placement_group_id": "",
            "public_ip_address": "52.233.164.81",
            "public_ip_addresses": [
              "52.233.164.81"
            ],
            "reboot_setting": "",
            "resource_group_name": "alexdevops-resource-group",
            "secret": [],
            "secure_boot_enabled": false,
            "size": "Standard_B1ms",
            "source_image_id": "",
            "source_image_reference": [
              {
                "offer": "UbuntuServer",
                "publisher": "Canonical",
                "sku": "18.04-LTS",
                "version": "latest"
              }
            ],
            "tags": null,
            "termination_notification": null,
            "timeouts": null,
            "user_data": "",
            "virtual_machine_id": "a7cd0ccb-2d13-4962-ad77-703009bb582b",
            "virtual_machine_scale_set_id": "",
            "vm_agent_platform_updates_enabled": false,
            "vtpm_enabled": false,
            "zone": ""
          },
          "sensitive_attributes": [
            [
              {
                "type": "get_attr",
                "value": "admin_password"
              }
            ],
            [
              {
                "type": "get_attr",
                "value": "custom_data"
              }
            ]
          ],
          "private": "eyJlMmJmYjczMC1lY2FhLTExZTYtOGY4OC0zNDM2M2JjN2M0YzAiOnsiY3JlYXRlIjoyNzAwMDAwMDAwMDAwLCJkZWxldGUiOjI3MDAwMDAwMDAwMDAsInJlYWQiOjMwMDAwMDAwMDAwMCwidXBkYXRlIjoyNzAwMDAwMDAwMDAwfX0=",
          "dependencies": [
            "azurerm_network_interface.nic",
            "azurerm_public_ip.public_ip",
            "azurerm_resource_group.rg",
            "azurerm_subnet.subnet",
            "azurerm_virtual_network.vnet"
          ]
        }
      ]
    },
    {
      "mode": "managed",
      "type": "azurerm_network_interface",
      "name": "nic",
      "provider": "provider[\"registry.terraform.io/hashicorp/azurerm\"]",
      "instances": [
        {
          "schema_version": 0,
          "attributes": {
            "accelerated_networking_enabled": false,
            "applied_dns_servers": [],
            "auxiliary_mode": "",
            "auxiliary_sku": "",
            "dns_servers": [],
            "edge_zone": "",
            "enable_accelerated_networking": false,
            "enable_ip_forwarding": false,
            "id": "/subscriptions/4d5711d0-974a-4da5-9919-2bb911243126/resourceGroups/alexdevops-resource-group/providers/Microsoft.Network/networkInterfaces/alexdevops-nic",
            "internal_dns_name_label": "",
            "internal_domain_name_suffix": "hovymjnzyiouthaa2rhybeorwc.ax.internal.cloudapp.net",
            "ip_configuration": [
              {
                "gateway_load_balancer_frontend_ip_configuration_id": "",
                "name": "internal",
                "primary": true,
                "private_ip_address": "10.0.1.4",
                "private_ip_address_allocation": "Dynamic",
                "private_ip_address_version": "IPv4",
                "public_ip_address_id": "/subscriptions/4d5711d0-974a-4da5-9919-2bb911243126/resourceGroups/alexdevops-resource-group/providers/Microsoft.Network/publicIPAddresses/alexdevops-public-ip",
                "subnet_id": "/subscriptions/4d5711d0-974a-4da5-9919-2bb911243126/resourceGroups/alexdevops-resource-group/providers/Microsoft.Network/virtualNetworks/alexdevops-vnet/subnets/alexdevops-subnet"
              }
            ],
            "ip_forwarding_enabled": false,
            "location": "westeurope",
            "mac_address": "",
            "name": "alexdevops-nic",
            "private_ip_address": "10.0.1.4",
            "private_ip_addresses": [
              "10.0.1.4"
            ],
            "resource_group_name": "alexdevops-resource-group",
            "tags": null,
            "timeouts": null,
            "virtual_machine_id": ""
          },
          "sensitive_attributes": [],
          "private": "eyJlMmJmYjczMC1lY2FhLTExZTYtOGY4OC0zNDM2M2JjN2M0YzAiOnsiY3JlYXRlIjoxODAwMDAwMDAwMDAwLCJkZWxldGUiOjE4MDAwMDAwMDAwMDAsInJlYWQiOjMwMDAwMDAwMDAwMCwidXBkYXRlIjoxODAwMDAwMDAwMDAwfX0=",
          "dependencies": [
            "azurerm_public_ip.public_ip",
            "azurerm_resource_group.rg",
            "azurerm_subnet.subnet",
            "azurerm_virtual_network.vnet"
          ]
        }
      ]
    },
    {
      "mode": "managed",
      "type": "azurerm_public_ip",
      "name": "public_ip",
      "provider": "provider[\"registry.terraform.io/hashicorp/azurerm\"]",
      "instances": [
        {
          "schema_version": 0,
          "attributes": {
            "allocation_method": "Dynamic",
            "ddos_protection_mode": "VirtualNetworkInherited",
            "ddos_protection_plan_id": null,
            "domain_name_label": null,
            "edge_zone": "",
            "fqdn": null,
            "id": "/subscriptions/4d5711d0-974a-4da5-9919-2bb911243126/resourceGroups/alexdevops-resource-group/providers/Microsoft.Network/publicIPAddresses/alexdevops-public-ip",
            "idle_timeout_in_minutes": 4,
            "ip_address": "",
            "ip_tags": null,
            "ip_version": "IPv4",
            "location": "westeurope",
            "name": "alexdevops-public-ip",
            "public_ip_prefix_id": null,
            "resource_group_name": "alexdevops-resource-group",
            "reverse_fqdn": null,
            "sku": "Basic",
            "sku_tier": "Regional",
            "tags": null,
            "timeouts": null,
            "zones": null
          },
          "sensitive_attributes": [],
          "private": "eyJlMmJmYjczMC1lY2FhLTExZTYtOGY4OC0zNDM2M2JjN2M0YzAiOnsiY3JlYXRlIjoxODAwMDAwMDAwMDAwLCJkZWxldGUiOjE4MDAwMDAwMDAwMDAsInJlYWQiOjMwMDAwMDAwMDAwMCwidXBkYXRlIjoxODAwMDAwMDAwMDAwfX0=",
          "dependencies": [
            "azurerm_resource_group.rg"
          ]
        }
      ]
    },
    {
      "mode": "managed",
      "type": "azurerm_resource_group",
      "name": "rg",
      "provider": "provider[\"registry.terraform.io/hashicorp/azurerm\"]",
      "instances": [
        {
          "schema_version": 0,
          "attributes": {
            "id": "/subscriptions/4d5711d0-974a-4da5-9919-2bb911243126/resourceGroups/alexdevops-resource-group",
            "location": "westeurope",
            "managed_by": "",
            "name": "alexdevops-resource-group",
            "tags": null,
            "timeouts": null
          },
          "sensitive_attributes": [],
          "private": "eyJlMmJmYjczMC1lY2FhLTExZTYtOGY4OC0zNDM2M2JjN2M0YzAiOnsiY3JlYXRlIjo1NDAwMDAwMDAwMDAwLCJkZWxldGUiOjU0MDAwMDAwMDAwMDAsInJlYWQiOjMwMDAwMDAwMDAwMCwidXBkYXRlIjo1NDAwMDAwMDAwMDAwfX0="
        }
      ]
    },
    {
      "mode": "managed",
      "type": "azurerm_subnet",
      "name": "subnet",
      "provider": "provider[\"registry.terraform.io/hashicorp/azurerm\"]",
      "instances": [
        {
          "schema_version": 0,
          "attributes": {
            "address_prefixes": [
              "10.0.1.0/24"
            ],
            "default_outbound_access_enabled": true,
            "delegation": [],
            "enforce_private_link_endpoint_network_policies": false,
            "enforce_private_link_service_network_policies": false,
            "id": "/subscriptions/4d5711d0-974a-4da5-9919-2bb911243126/resourceGroups/alexdevops-resource-group/providers/Microsoft.Network/virtualNetworks/alexdevops-vnet/subnets/alexdevops-subnet",
            "name": "alexdevops-subnet",
            "private_endpoint_network_policies": "Enabled",
            "private_endpoint_network_policies_enabled": true,
            "private_link_service_network_policies_enabled": true,
            "resource_group_name": "alexdevops-resource-group",
            "service_endpoint_policy_ids": null,
            "service_endpoints": null,
            "timeouts": null,
            "virtual_network_name": "alexdevops-vnet"
          },
          "sensitive_attributes": [],
          "private": "eyJlMmJmYjczMC1lY2FhLTExZTYtOGY4OC0zNDM2M2JjN2M0YzAiOnsiY3JlYXRlIjoxODAwMDAwMDAwMDAwLCJkZWxldGUiOjE4MDAwMDAwMDAwMDAsInJlYWQiOjMwMDAwMDAwMDAwMCwidXBkYXRlIjoxODAwMDAwMDAwMDAwfX0=",
          "dependencies": [
            "azurerm_resource_group.rg",
            "azurerm_virtual_network.vnet"
          ]
        }
      ]
    },
    {
      "mode": "managed",
      "type": "azurerm_virtual_network",
      "name": "vnet",
      "provider": "provider[\"registry.terraform.io/hashicorp/azurerm\"]",
      "instances": [
        {
          "schema_version": 0,
          "attributes": {
            "address_space": [
              "10.0.0.0/16"
            ],
            "bgp_community": "",
            "ddos_protection_plan": [],
            "dns_servers": [],
            "edge_zone": "",
            "encryption": [],
            "flow_timeout_in_minutes": 0,
            "guid": "2586ab3b-c2b9-491d-9c00-e44f8091d1b2",
            "id": "/subscriptions/4d5711d0-974a-4da5-9919-2bb911243126/resourceGroups/alexdevops-resource-group/providers/Microsoft.Network/virtualNetworks/alexdevops-vnet",
            "location": "westeurope",
            "name": "alexdevops-vnet",
            "resource_group_name": "alexdevops-resource-group",
            "subnet": [],
            "tags": null,
            "timeouts": null
          },
          "sensitive_attributes": [],
          "private": "eyJlMmJmYjczMC1lY2FhLTExZTYtOGY4OC0zNDM2M2JjN2M0YzAiOnsiY3JlYXRlIjoxODAwMDAwMDAwMDAwLCJkZWxldGUiOjE4MDAwMDAwMDAwMDAsInJlYWQiOjMwMDAwMDAwMDAwMCwidXBkYXRlIjoxODAwMDAwMDAwMDAwfX0=",
          "dependencies": [
            "azurerm_resource_group.rg"
          ]
        }
      ]
    }
  ],
  "check_results": null
}
